{
  "name": "melvor-idle-real-multiplayer",
  "version": "0.1.0",
  "lockfileVersion": 3,
  "requires": true,
  "packages": {
    "": {
      "name": "melvor-idle-real-multiplayer",
      "version": "0.1.0",
      "devDependencies": {
        "melvor-idle-mod-dts": "github:melvor-idle/melvor-idle-mod-dts"
      }
    },
    "node_modules/melvor-idle-mod-dts": {
      "version": "0.0.2",
      "resolved": "git+ssh://git@github.com/melvor-idle/melvor-idle-mod-dts.git#95312679555eb6207c52214533989b7ad0dfcce0",
      "dev": true,
      "license": "GPL-3.0"
    }
  }
}
